{
  "version": 1,
  "dependencies": {
    "net10.0-windows7.0": {
      "Google.Protobuf": {
        "type": "Direct",
        "requested": "[3.36.0, )",
        "resolved": "3.36.0",
        "contentHash": "wDPg8sKlmA8we1bqnC9DYKwLog4PNJ4GYTWV9FkzlGvfs3kNCSt2x0Qe31SBOeBPS2JGEZ/lNfil/Bkwx18Ufg=="
      },
      "Microsoft.Data.Sqlite.Core": {
        "type": "Direct",
        "requested": "[10.0.11, )",
        "resolved": "10.0.11",
        "contentHash": "hubA20AGenQ4Sx0ElWaPpB8DISjXpdx463+1zOGRslsT0e/t/06ITv+pHsop8CcJ0d8PZLfgnT7juCDVD79Dkw==",
        "dependencies": {
          "SQLitePCLRaw.core": "2.1.12"
        }
      },
      "SQLitePCLRaw.provider.sqlcipher": {
        "type": "Direct",
        "requested": "[3.0.5, )",
        "resolved": "3.0.5",
        "contentHash": "o67jVSKN7aUm7bDg3nfia+VPEbHmNe9XVhVm/0f+9NmUofyFLfEnJv2jJ/UpHcitycWrjctepl1pwO7JUD4qAA==",
        "dependencies": {
          "SQLitePCLRaw.core": "3.0.5"
        }
      },
      "System.Management": {
        "type": "Direct",
        "requested": "[10.0.11, )",
        "resolved": "10.0.11",
        "contentHash": "xyNn8KGbWI88LoUwg3rB8qcpFFST6dr8Ro/qS8GBu2GOwR0v7J82kVFHTiiPtvEKS79VbMTxs/sIKQ+Cq1Zs1g==",
        "dependencies": {
          "System.CodeDom": "10.0.11"
        }
      },
      "System.Security.Cryptography.ProtectedData": {
        "type": "Direct",
        "requested": "[10.0.11, )",
        "resolved": "10.0.11",
        "contentHash": "PNoxCTPb+Tlux+GJyq4c89ddYdpioVSqfGx8pqOF6shCSKwUNNctXhQtRkCICjbJmGrJJsW8NY52kVYO/b8mlQ=="
      },
      "SQLitePCLRaw.core": {
        "type": "Transitive",
        "resolved": "3.0.5",
        "contentHash": "k81AYXXRCw3Zj8rOhyBoCsx/U97KYDFI2CSKr/ijl5BwpsW/hX/4kBiDmerFaoust8nxBwa0IHQFw8MmSHRtnQ=="
      },
      "System.CodeDom": {
        "type": "Transitive",
        "resolved": "10.0.11",
        "contentHash": "v40pNeBoZTYsiVxz+PzyZmmIr2JIhpK4VsFpQqZSZCXa51PDlNXIN2ESm8kDU0voZYVfLhxF9HvmBsxCJmkiRg=="
      },
      "qqchatlocalreader.core": {
        "type": "Project"
      }
    },
    "net10.0-windows7.0/win-x64": {
      "System.Management": {
        "type": "Direct",
        "requested": "[10.0.11, )",
        "resolved": "10.0.11",
        "contentHash": "xyNn8KGbWI88LoUwg3rB8qcpFFST6dr8Ro/qS8GBu2GOwR0v7J82kVFHTiiPtvEKS79VbMTxs/sIKQ+Cq1Zs1g==",
        "dependencies": {
          "System.CodeDom": "10.0.11"
        }
      }
    }
  }
}